
Microsoft Visual Studio Solution File, Format Version 12.00
# Visual Studio 15
VisualStudioVersion = 15.0.28307.102
MinimumVisualStudioVersion = 10.0.40219.1
Project("{8BC9CEB8-8B4A-11D0-8D11-00A0C91BC942}") = "western_card", "western_card\western_card.vcxproj", "{5A9CC791-B526-44F5-B41F-85F9311AF5B1}"
EndProject
Global
	GlobalSection(SolutionConfigurationPlatforms) = preSolution
		Debug|x64 = Debug|x64
		Debug|x86 = Debug|x86
		Release|x64 = Release|x64
		Release|x86 = Release|x86
	EndGlobalSection
	GlobalSection(ProjectConfigurationPlatforms) = postSolution
		{5A9CC791-B526-44F5-B41F-85F9311AF5B1}.Debug|x64.ActiveCfg = Debug|x64
		{5A9CC791-B526-44F5-B41F-85F9311AF5B1}.Debug|x64.Build.0 = Debug|x64
		{5A9CC791-B526-44F5-B41F-85F9311AF5B1}.Debug|x86.ActiveCfg = Debug|Win32
		{5A9CC791-B526-44F5-B41F-85F9311AF5B1}.Debug|x86.Build.0 = Debug|Win32
		{5A9CC791-B526-44F5-B41F-85F9311AF5B1}.Release|x64.ActiveCfg = Release|x64
		{5A9CC791-B526-44F5-B41F-85F9311AF5B1}.Release|x64.Build.0 = Release|x64
		{5A9CC791-B526-44F5-B41F-85F9311AF5B1}.Release|x86.ActiveCfg = Release|Win32
		{5A9CC791-B526-44F5-B41F-85F9311AF5B1}.Release|x86.Build.0 = Release|Win32
	EndGlobalSection
	GlobalSection(SolutionProperties) = preSolution
		HideSolutionNode = FALSE
	EndGlobalSection
	GlobalSection(ExtensibilityGlobals) = postSolution
		SolutionGuid = {F3055139-B9FB-4563-B22B-47E1FC43018D}
	EndGlobalSection
EndGlobal
